
Microsoft Visual Studio Solution File, Format Version 12.00
# Visual Studio 2012
Project("{FAE04EC0-301F-11D3-BF4B-00C04F79EFBC}") = "Marvin.Examples", "Marvin.Examples.csproj", "{B74D3682-BA0E-4519-8C1C-46B4A281A7A5}"
EndProject
Project("{FAE04EC0-301F-11D3-BF4B-00C04F79EFBC}") = "Marvin.Examples.TEst", "..\Marvin.Examples.TEst\Marvin.Examples.TEst.csproj", "{3CF70782-894C-4B56-95E5-B502F562072B}"
EndProject
Global
	GlobalSection(SolutionConfigurationPlatforms) = preSolution
		Debug|Any CPU = Debug|Any CPU
		Debug|Mixed Platforms = Debug|Mixed Platforms
		Debug|x86 = Debug|x86
		Release|Any CPU = Release|Any CPU
		Release|Mixed Platforms = Release|Mixed Platforms
		Release|x86 = Release|x86
	EndGlobalSection
	GlobalSection(ProjectConfigurationPlatforms) = postSolution
		{B74D3682-BA0E-4519-8C1C-46B4A281A7A5}.Debug|Any CPU.ActiveCfg = Debug|x86
		{B74D3682-BA0E-4519-8C1C-46B4A281A7A5}.Debug|Mixed Platforms.ActiveCfg = Debug|x86
		{B74D3682-BA0E-4519-8C1C-46B4A281A7A5}.Debug|Mixed Platforms.Build.0 = Debug|x86
		{B74D3682-BA0E-4519-8C1C-46B4A281A7A5}.Debug|x86.ActiveCfg = Debug|x86
		{B74D3682-BA0E-4519-8C1C-46B4A281A7A5}.Debug|x86.Build.0 = Debug|x86
		{B74D3682-BA0E-4519-8C1C-46B4A281A7A5}.Release|Any CPU.ActiveCfg = Release|x86
		{B74D3682-BA0E-4519-8C1C-46B4A281A7A5}.Release|Mixed Platforms.ActiveCfg = Release|x86
		{B74D3682-BA0E-4519-8C1C-46B4A281A7A5}.Release|Mixed Platforms.Build.0 = Release|x86
		{B74D3682-BA0E-4519-8C1C-46B4A281A7A5}.Release|x86.ActiveCfg = Release|x86
		{B74D3682-BA0E-4519-8C1C-46B4A281A7A5}.Release|x86.Build.0 = Release|x86
		{3CF70782-894C-4B56-95E5-B502F562072B}.Debug|Any CPU.ActiveCfg = Debug|Any CPU
		{3CF70782-894C-4B56-95E5-B502F562072B}.Debug|Any CPU.Build.0 = Debug|Any CPU
		{3CF70782-894C-4B56-95E5-B502F562072B}.Debug|Mixed Platforms.ActiveCfg = Debug|Any CPU
		{3CF70782-894C-4B56-95E5-B502F562072B}.Debug|Mixed Platforms.Build.0 = Debug|Any CPU
		{3CF70782-894C-4B56-95E5-B502F562072B}.Debug|x86.ActiveCfg = Debug|Any CPU
		{3CF70782-894C-4B56-95E5-B502F562072B}.Release|Any CPU.ActiveCfg = Release|Any CPU
		{3CF70782-894C-4B56-95E5-B502F562072B}.Release|Any CPU.Build.0 = Release|Any CPU
		{3CF70782-894C-4B56-95E5-B502F562072B}.Release|Mixed Platforms.ActiveCfg = Release|Any CPU
		{3CF70782-894C-4B56-95E5-B502F562072B}.Release|Mixed Platforms.Build.0 = Release|Any CPU
		{3CF70782-894C-4B56-95E5-B502F562072B}.Release|x86.ActiveCfg = Release|Any CPU
	EndGlobalSection
	GlobalSection(SolutionProperties) = preSolution
		HideSolutionNode = FALSE
	EndGlobalSection
EndGlobal
